// !$*UTF8*$!
{
	archiveVersion = 1;
	classes = {
	};
	objectVersion = 46;
	objects = {

/* Begin PBXBuildFile section */
		2BD9286814A0F6E800C74A92 /* UIKit.framework in Frameworks */ = {isa = PBXBuildFile; fileRef = 2BD9286714A0F6E800C74A92 /* UIKit.framework */; };
		2BD9286A14A0F6E800C74A92 /* Foundation.framework in Frameworks */ = {isa = PBXBuildFile; fileRef = 2BD9286914A0F6E800C74A92 /* Foundation.framework */; };
		2BD9286C14A0F6E800C74A92 /* CoreGraphics.framework in Frameworks */ = {isa = PBXBuildFile; fileRef = 2BD9286B14A0F6E800C74A92 /* CoreGraphics.framework */; };
		2BD9287214A0F6E800C74A92 /* InfoPlist.strings in Resources */ = {isa = PBXBuildFile; fileRef = 2BD9287014A0F6E800C74A92 /* InfoPlist.strings */; };
		2BD9287414A0F6E800C74A92 /* main.m in Sources */ = {isa = PBXBuildFile; fileRef = 2BD9287314A0F6E800C74A92 /* main.m */; };
		2BD9287814A0F6E900C74A92 /* FLAppDelegate.m in Sources */ = {isa = PBXBuildFile; fileRef = 2BD9287714A0F6E900C74A92 /* FLAppDelegate.m */; };
		2BD9287B14A0F6E900C74A92 /* FLViewController.m in Sources */ = {isa = PBXBuildFile; fileRef = 2BD9287A14A0F6E900C74A92 /* FLViewController.m */; };
		2BD9287E14A0F6E900C74A92 /* FLViewController.xib in Resources */ = {isa = PBXBuildFile; fileRef = 2BD9287C14A0F6E900C74A92 /* FLViewController.xib */; };
/* End PBXBuildFile section */

/* Begin PBXFileReference section */
		2BD9286314A0F6E800C74A92 /* FloatingLayout.app */ = {isa = PBXFileReference; explicitFileType = wrapper.application; includeInIndex = 0; path = FloatingLayout.app; sourceTree = BUILT_PRODUCTS_DIR; };
		2BD9286714A0F6E800C74A92 /* UIKit.framework */ = {isa = PBXFileReference; lastKnownFileType = wrapper.framework; name = UIKit.framework; path = System/Library/Frameworks/UIKit.framework; sourceTree = SDKROOT; };
		2BD9286914A0F6E800C74A92 /* Foundation.framework */ = {isa = PBXFileReference; lastKnownFileType = wrapper.framework; name = Foundation.framework; path = System/Library/Frameworks/Foundation.framework; sourceTree = SDKROOT; };
		2BD9286B14A0F6E800C74A92 /* CoreGraphics.framework */ = {isa = PBXFileReference; lastKnownFileType = wrapper.framework; name = CoreGraphics.framework; path = System/Library/Frameworks/CoreGraphics.framework; sourceTree = SDKROOT; };
		2BD9286F14A0F6E800C74A92 /* FloatingLayout-Info.plist */ = {isa = PBXFileReference; path = "FloatingLayout-Info.plist"; sourceTree = "<group>"; };
		2BD9287114A0F6E800C74A92 /* en */ = {isa = PBXFileReference; lastKnownFileType = text.plist.strings; name = en; path = en.lproj/InfoPlist.strings; sourceTree = "<group>"; };
		2BD9287314A0F6E800C74A92 /* main.m */ = {isa = PBXFileReference; lastKnownFileType = sourcecode.c.objc; path = main.m; sourceTree = "<group>"; };
		2BD9287514A0F6E900C74A92 /* FloatingLayout-Prefix.pch */ = {isa = PBXFileReference; path = "FloatingLayout-Prefix.pch"; sourceTree = "<group>"; };
		2BD9287614A0F6E900C74A92 /* FLAppDelegate.h */ = {isa = PBXFileReference; path = FLAppDelegate.h; sourceTree = "<group>"; };
		2BD9287714A0F6E900C74A92 /* FLAppDelegate.m */ = {isa = PBXFileReference; lastKnownFileType = sourcecode.c.objc; path = FLAppDelegate.m; sourceTree = "<group>"; };
		2BD9287914A0F6E900C74A92 /* FLViewController.h */ = {isa = PBXFileReference; path = FLViewController.h; sourceTree = "<group>"; };
		2BD9287A14A0F6E900C74A92 /* FLViewController.m */ = {isa = PBXFileReference; lastKnownFileType = sourcecode.c.objc; path = FLViewController.m; sourceTree = "<group>"; };
		2BD9287D14A0F6E900C74A92 /* en */ = {isa = PBXFileReference; lastKnownFileType = file.xib; name = en; path = en.lproj/FLViewController.xib; sourceTree = "<group>"; };
/* End PBXFileReference section */

/* Begin PBXFrameworksBuildPhase section */
		2BD9286014A0F6E800C74A92 /* Frameworks */ = {
			isa = PBXFrameworksBuildPhase;
			buildActionMask = 2147483647;
			files = (
				2BD9286814A0F6E800C74A92 /* UIKit.framework in Frameworks */,
				2BD9286A14A0F6E800C74A92 /* Foundation.framework in Frameworks */,
				2BD9286C14A0F6E800C74A92 /* CoreGraphics.framework in Frameworks */,
			);
			runOnlyForDeploymentPostprocessing = 0;
		};
/* End PBXFrameworksBuildPhase section */

/* Begin PBXGroup section */
		2BD9285814A0F6E800C74A92 = {
			isa = PBXGroup;
			children = (
				2BD9286D14A0F6E800C74A92 /* FloatingLayout */,
				2BD9286614A0F6E800C74A92 /* Frameworks */,
				2BD9286414A0F6E800C74A92 /* Products */,
			);
			sourceTree = "<group>";
		};
		2BD9286414A0F6E800C74A92 /* Products */ = {
			isa = PBXGroup;
			children = (
				2BD9286314A0F6E800C74A92 /* FloatingLayout.app */,
			);
			name = Products;
			sourceTree = "<group>";
		};
		2BD9286614A0F6E800C74A92 /* Frameworks */ = {
			isa = PBXGroup;
			children = (
				2BD9286714A0F6E800C74A92 /* UIKit.framework */,
				2BD9286914A0F6E800C74A92 /* Foundation.framework */,
				2BD9286B14A0F6E800C74A92 /* CoreGraphics.framework */,
			);
			name = Frameworks;
			sourceTree = "<group>";
		};
		2BD9286D14A0F6E800C74A92 /* FloatingLayout */ = {
			isa = PBXGroup;
			children = (
				2BD9287614A0F6E900C74A92 /* FLAppDelegate.h */,
				2BD9287714A0F6E900C74A92 /* FLAppDelegate.m */,
				2BD9287914A0F6E900C74A92 /* FLViewController.h */,
				2BD9287A14A0F6E900C74A92 /* FLViewController.m */,
				2BD9287C14A0F6E900C74A92 /* FLViewController.xib */,
				2BD9286E14A0F6E800C74A92 /* Supporting Files */,
			);
			path = FloatingLayout;
			sourceTree = "<group>";
		};
		2BD9286E14A0F6E800C74A92 /* Supporting Files */ = {
			isa = PBXGroup;
			children = (
				2BD9286F14A0F6E800C74A92 /* FloatingLayout-Info.plist */,
				2BD9287014A0F6E800C74A92 /* InfoPlist.strings */,
				2BD9287314A0F6E800C74A92 /* main.m */,
				2BD9287514A0F6E900C74A92 /* FloatingLayout-Prefix.pch */,
			);
			name = "Supporting Files";
			sourceTree = "<group>";
		};
/* End PBXGroup section */

/* Begin PBXNativeTarget section */
		2BD9286214A0F6E800C74A92 /* FloatingLayout */ = {
			isa = PBXNativeTarget;
			buildConfigurationList = 2BD9288114A0F6E900C74A92 /* Build configuration list for PBXNativeTarget "FloatingLayout" */;
			buildPhases = (
				2BD9285F14A0F6E800C74A92 /* Sources */,
				2BD9286014A0F6E800C74A92 /* Frameworks */,
				2BD9286114A0F6E800C74A92 /* Resources */,
			);
			buildRules = (
			);
			dependencies = (
			);
			name = FloatingLayout;
			productName = FloatingLayout;
			productReference = 2BD9286314A0F6E800C74A92 /* FloatingLayout.app */;
			productType = "com.apple.product-type.application";
		};
/* End PBXNativeTarget section */

/* Begin PBXProject section */
		2BD9285A14A0F6E800C74A92 /* Project object */ = {
			isa = PBXProject;
			attributes = {
				LastUpgradeCheck = 0420;
			};
			buildConfigurationList = 2BD9285D14A0F6E800C74A92 /* Build configuration list for PBXProject "FloatingLayout" */;
			compatibilityVersion = "Xcode 3.2";
			developmentRegion = English;
			hasScannedForEncodings = 0;
			knownRegions = (
				en,
			);
			mainGroup = 2BD9285814A0F6E800C74A92;
			productRefGroup = 2BD9286414A0F6E800C74A92 /* Products */;
			projectDirPath = "";
			projectRoot = "";
			targets = (
				2BD9286214A0F6E800C74A92 /* FloatingLayout */,
			);
		};
/* End PBXProject section */

/* Begin PBXResourcesBuildPhase section */
		2BD9286114A0F6E800C74A92 /* Resources */ = {
			isa = PBXResourcesBuildPhase;
			buildActionMask = 2147483647;
			files = (
				2BD9287214A0F6E800C74A92 /* InfoPlist.strings in Resources */,
				2BD9287E14A0F6E900C74A92 /* FLViewController.xib in Resources */,
			);
			runOnlyForDeploymentPostprocessing = 0;
		};
/* End PBXResourcesBuildPhase section */

/* Begin PBXSourcesBuildPhase section */
		2BD9285F14A0F6E800C74A92 /* Sources */ = {
			isa = PBXSourcesBuildPhase;
			buildActionMask = 2147483647;
			files = (
				2BD9287414A0F6E800C74A92 /* main.m in Sources */,
				2BD9287814A0F6E900C74A92 /* FLAppDelegate.m in Sources */,
				2BD9287B14A0F6E900C74A92 /* FLViewController.m in Sources */,
			);
			runOnlyForDeploymentPostprocessing = 0;
		};
/* End PBXSourcesBuildPhase section */

/* Begin PBXVariantGroup section */
		2BD9287014A0F6E800C74A92 /* InfoPlist.strings */ = {
			isa = PBXVariantGroup;
			children = (
				2BD9287114A0F6E800C74A92 /* en */,
			);
			name = InfoPlist.strings;
			sourceTree = "<group>";
		};
		2BD9287C14A0F6E900C74A92 /* FLViewController.xib */ = {
			isa = PBXVariantGroup;
			children = (
				2BD9287D14A0F6E900C74A92 /* en */,
			);
			name = FLViewController.xib;
			sourceTree = "<group>";
		};
/* End PBXVariantGroup section */

/* Begin XCBuildConfiguration section */
		2BD9287F14A0F6E900C74A92 /* Debug */ = {
			isa = XCBuildConfiguration;
			buildSettings = {
				ALWAYS_SEARCH_USER_PATHS = NO;
				ARCHS = "$(ARCHS_STANDARD_32_BIT)";
				CLANG_ENABLE_OBJC_ARC = YES;
				"CODE_SIGN_IDENTITY[sdk=iphoneos*]" = "iPhone Developer";
				COPY_PHASE_STRIP = NO;
				GCC_C_LANGUAGE_STANDARD = gnu99;
				GCC_DYNAMIC_NO_PIC = NO;
				GCC_OPTIMIZATION_LEVEL = 0;
				GCC_PREPROCESSOR_DEFINITIONS = (
					"DEBUG=1",
					"$(inherited)",
				);
				GCC_SYMBOLS_PRIVATE_EXTERN = NO;
				GCC_VERSION = com.apple.compilers.llvm.clang.1_0;
				GCC_WARN_ABOUT_MISSING_PROTOTYPES = YES;
				GCC_WARN_ABOUT_RETURN_TYPE = YES;
				GCC_WARN_UNUSED_VARIABLE = YES;
				IPHONEOS_DEPLOYMENT_TARGET = 5.0;
				SDKROOT = iphoneos;
			};
			name = Debug;
		};
		2BD9288014A0F6E900C74A92 /* Release */ = {
			isa = XCBuildConfiguration;
			buildSettings = {
				ALWAYS_SEARCH_USER_PATHS = NO;
				ARCHS = "$(ARCHS_STANDARD_32_BIT)";
				CLANG_ENABLE_OBJC_ARC = YES;
				"CODE_SIGN_IDENTITY[sdk=iphoneos*]" = "iPhone Developer";
				COPY_PHASE_STRIP = YES;
				GCC_C_LANGUAGE_STANDARD = gnu99;
				GCC_VERSION = com.apple.compilers.llvm.clang.1_0;
				GCC_WARN_ABOUT_MISSING_PROTOTYPES = YES;
				GCC_WARN_ABOUT_RETURN_TYPE = YES;
				GCC_WARN_UNUSED_VARIABLE = YES;
				IPHONEOS_DEPLOYMENT_TARGET = 5.0;
				OTHER_CFLAGS = "-DNS_BLOCK_ASSERTIONS=1";
				SDKROOT = iphoneos;
				VALIDATE_PRODUCT = YES;
			};
			name = Release;
		};
		2BD9288214A0F6E900C74A92 /* Debug */ = {
			isa = XCBuildConfiguration;
			buildSettings = {
				GCC_PRECOMPILE_PREFIX_HEADER = YES;
				GCC_PREFIX_HEADER = "FloatingLayout/FloatingLayout-Prefix.pch";
				INFOPLIST_FILE = "FloatingLayout/FloatingLayout-Info.plist";
				PRODUCT_NAME = "$(TARGET_NAME)";
				WRAPPER_EXTENSION = app;
			};
			name = Debug;
		};
		2BD9288314A0F6E900C74A92 /* Release */ = {
			isa = XCBuildConfiguration;
			buildSettings = {
				GCC_PRECOMPILE_PREFIX_HEADER = YES;
				GCC_PREFIX_HEADER = "FloatingLayout/FloatingLayout-Prefix.pch";
				INFOPLIST_FILE = "FloatingLayout/FloatingLayout-Info.plist";
				PRODUCT_NAME = "$(TARGET_NAME)";
				WRAPPER_EXTENSION = app;
			};
			name = Release;
		};
/* End XCBuildConfiguration section */

/* Begin XCConfigurationList section */
		2BD9285D14A0F6E800C74A92 /* Build configuration list for PBXProject "FloatingLayout" */ = {
			isa = XCConfigurationList;
			buildConfigurations = (
				2BD9287F14A0F6E900C74A92 /* Debug */,
				2BD9288014A0F6E900C74A92 /* Release */,
			);
			defaultConfigurationIsVisible = 0;
			defaultConfigurationName = Release;
		};
		2BD9288114A0F6E900C74A92 /* Build configuration list for PBXNativeTarget "FloatingLayout" */ = {
			isa = XCConfigurationList;
			buildConfigurations = (
				2BD9288214A0F6E900C74A92 /* Debug */,
				2BD9288314A0F6E900C74A92 /* Release */,
			);
			defaultConfigurationIsVisible = 0;
		};
/* End XCConfigurationList section */
	};
	rootObject = 2BD9285A14A0F6E800C74A92 /* Project object */;
}
